// !$*UTF8*$!
{
	archiveVersion = 1;
	classes = {
	};
	objectVersion = 77;
	objects = {

/* Begin PBXBuildFile section */
		2EE5D3472CECF4C500B73B93 /* GoogleService-Info.plist in Resources */ = {isa = PBXBuildFile; fileRef = 2EE5D3462CECF4C500B73B93 /* GoogleService-Info.plist */; };
		2EE5D34A2CECF82600B73B93 /* FirebaseAuth in Frameworks */ = {isa = PBXBuildFile; productRef = 2EE5D3492CECF82600B73B93 /* FirebaseAuth */; };
		2EE5D34C2CECF82600B73B93 /* FirebaseFirestore in Frameworks */ = {isa = PBXBuildFile; productRef = 2EE5D34B2CECF82600B73B93 /* FirebaseFirestore */; };
		2EE5D34E2CECF82600B73B93 /* FirebaseFirestoreCombine-Community in Frameworks */ = {isa = PBXBuildFile; productRef = 2EE5D34D2CECF82600B73B93 /* FirebaseFirestoreCombine-Community */; };
		2EE5D3502CECF82600B73B93 /* FirebaseStorage in Frameworks */ = {isa = PBXBuildFile; productRef = 2EE5D34F2CECF82600B73B93 /* FirebaseStorage */; };
/* End PBXBuildFile section */

/* Begin PBXContainerItemProxy section */
		2EE5D3012CECADE100B73B93 /* PBXContainerItemProxy */ = {
			isa = PBXContainerItemProxy;
			containerPortal = 2EE5D2E62CECADE000B73B93 /* Project object */;
			proxyType = 1;
			remoteGlobalIDString = 2EE5D2ED2CECADE000B73B93;
			remoteInfo = GMart;
		};
		2EE5D30B2CECADE100B73B93 /* PBXContainerItemProxy */ = {
			isa = PBXContainerItemProxy;
			containerPortal = 2EE5D2E62CECADE000B73B93 /* Project object */;
			proxyType = 1;
			remoteGlobalIDString = 2EE5D2ED2CECADE000B73B93;
			remoteInfo = GMart;
		};
/* End PBXContainerItemProxy section */

/* Begin PBXFileReference section */
		2EE5D2EE2CECADE000B73B93 /* GMart.app */ = {isa = PBXFileReference; explicitFileType = wrapper.application; includeInIndex = 0; path = GMart.app; sourceTree = BUILT_PRODUCTS_DIR; };
		2EE5D3002CECADE100B73B93 /* GMartTests.xctest */ = {isa = PBXFileReference; explicitFileType = wrapper.cfbundle; includeInIndex = 0; path = GMartTests.xctest; sourceTree = BUILT_PRODUCTS_DIR; };
		2EE5D30A2CECADE100B73B93 /* GMartUITests.xctest */ = {isa = PBXFileReference; explicitFileType = wrapper.cfbundle; includeInIndex = 0; path = GMartUITests.xctest; sourceTree = BUILT_PRODUCTS_DIR; };
		2EE5D3462CECF4C500B73B93 /* GoogleService-Info.plist */ = {isa = PBXFileReference; lastKnownFileType = text.plist.xml; path = "GoogleService-Info.plist"; sourceTree = "<group>"; };
/* End PBXFileReference section */

/* Begin PBXFileSystemSynchronizedRootGroup section */
		2EE5D2F02CECADE000B73B93 /* GMart */ = {
			isa = PBXFileSystemSynchronizedRootGroup;
			path = GMart;
			sourceTree = "<group>";
		};
		2EE5D3032CECADE100B73B93 /* GMartTests */ = {
			isa = PBXFileSystemSynchronizedRootGroup;
			path = GMartTests;
			sourceTree = "<group>";
		};
		2EE5D30D2CECADE100B73B93 /* GMartUITests */ = {
			isa = PBXFileSystemSynchronizedRootGroup;
			path = GMartUITests;
			sourceTree = "<group>";
		};
/* End PBXFileSystemSynchronizedRootGroup section */

/* Begin PBXFrameworksBuildPhase section */
		2EE5D2EB2CECADE000B73B93 /* Frameworks */ = {
			isa = PBXFrameworksBuildPhase;
			buildActionMask = 2147483647;
			files = (
				2EE5D34E2CECF82600B73B93 /* FirebaseFirestoreCombine-Community in Frameworks */,
				2EE5D3502CECF82600B73B93 /* FirebaseStorage in Frameworks */,
				2EE5D34A2CECF82600B73B93 /* FirebaseAuth in Frameworks */,
				2EE5D34C2CECF82600B73B93 /* FirebaseFirestore in Frameworks */,
			);
			runOnlyForDeploymentPostprocessing = 0;
		};
		2EE5D2FD2CECADE100B73B93 /* Frameworks */ = {
			isa = PBXFrameworksBuildPhase;
			buildActionMask = 2147483647;
			files = (
			);
			runOnlyForDeploymentPostprocessing = 0;
		};
		2EE5D3072CECADE100B73B93 /* Frameworks */ = {
			isa = PBXFrameworksBuildPhase;
			buildActionMask = 2147483647;
			files = (
			);
			runOnlyForDeploymentPostprocessing = 0;
		};
/* End PBXFrameworksBuildPhase section */

/* Begin PBXGroup section */
		2EE5D2E52CECADE000B73B93 = {
			isa = PBXGroup;
			children = (
				2EE5D2F02CECADE000B73B93 /* GMart */,
				2EE5D3462CECF4C500B73B93 /* GoogleService-Info.plist */,
				2EE5D3032CECADE100B73B93 /* GMartTests */,
				2EE5D30D2CECADE100B73B93 /* GMartUITests */,
				2EE5D2EF2CECADE000B73B93 /* Products */,
			);
			sourceTree = "<group>";
		};
		2EE5D2EF2CECADE000B73B93 /* Products */ = {
			isa = PBXGroup;
			children = (
				2EE5D2EE2CECADE000B73B93 /* GMart.app */,
				2EE5D3002CECADE100B73B93 /* GMartTests.xctest */,
				2EE5D30A2CECADE100B73B93 /* GMartUITests.xctest */,
			);
			name = Products;
			sourceTree = "<group>";
		};
/* End PBXGroup section */

/* Begin PBXNativeTarget section */
		2EE5D2ED2CECADE000B73B93 /* GMart */ = {
			isa = PBXNativeTarget;
			buildConfigurationList = 2EE5D3142CECADE100B73B93 /* Build configuration list for PBXNativeTarget "GMart" */;
			buildPhases = (
				2EE5D2EA2CECADE000B73B93 /* Sources */,
				2EE5D2EB2CECADE000B73B93 /* Frameworks */,
				2EE5D2EC2CECADE000B73B93 /* Resources */,
			);
			buildRules = (
			);
			dependencies = (
			);
			fileSystemSynchronizedGroups = (
				2EE5D2F02CECADE000B73B93 /* GMart */,
			);
			name = GMart;
			packageProductDependencies = (
				2EE5D3492CECF82600B73B93 /* FirebaseAuth */,
				2EE5D34B2CECF82600B73B93 /* FirebaseFirestore */,
				2EE5D34D2CECF82600B73B93 /* FirebaseFirestoreCombine-Community */,
				2EE5D34F2CECF82600B73B93 /* FirebaseStorage */,
			);
			productName = GMart;
			productReference = 2EE5D2EE2CECADE000B73B93 /* GMart.app */;
			productType = "com.apple.product-type.application";
		};
		2EE5D2FF2CECADE100B73B93 /* GMartTests */ = {
			isa = PBXNativeTarget;
			buildConfigurationList = 2EE5D3172CECADE100B73B93 /* Build configuration list for PBXNativeTarget "GMartTests" */;
			buildPhases = (
				2EE5D2FC2CECADE100B73B93 /* Sources */,
				2EE5D2FD2CECADE100B73B93 /* Frameworks */,
				2EE5D2FE2CECADE100B73B93 /* Resources */,
			);
			buildRules = (
			);
			dependencies = (
				2EE5D3022CECADE100B73B93 /* PBXTargetDependency */,
			);
			fileSystemSynchronizedGroups = (
				2EE5D3032CECADE100B73B93 /* GMartTests */,
			);
			name = GMartTests;
			packageProductDependencies = (
			);
			productName = GMartTests;
			productReference = 2EE5D3002CECADE100B73B93 /* GMartTests.xctest */;
			productType = "com.apple.product-type.bundle.unit-test";
		};
		2EE5D3092CECADE100B73B93 /* GMartUITests */ = {
			isa = PBXNativeTarget;
			buildConfigurationList = 2EE5D31A2CECADE100B73B93 /* Build configuration list for PBXNativeTarget "GMartUITests" */;
			buildPhases = (
				2EE5D3062CECADE100B73B93 /* Sources */,
				2EE5D3072CECADE100B73B93 /* Frameworks */,
				2EE5D3082CECADE100B73B93 /* Resources */,
			);
			buildRules = (
			);
			dependencies = (
				2EE5D30C2CECADE100B73B93 /* PBXTargetDependency */,
			);
			fileSystemSynchronizedGroups = (
				2EE5D30D2CECADE100B73B93 /* GMartUITests */,
			);
			name = GMartUITests;
			packageProductDependencies = (
			);
			productName = GMartUITests;
			productReference = 2EE5D30A2CECADE100B73B93 /* GMartUITests.xctest */;
			productType = "com.apple.product-type.bundle.ui-testing";
		};
/* End PBXNativeTarget section */

/* Begin PBXProject section */
		2EE5D2E62CECADE000B73B93 /* Project object */ = {
			isa = PBXProject;
			attributes = {
				BuildIndependentTargetsInParallel = 1;
				LastSwiftUpdateCheck = 1600;
				LastUpgradeCheck = 1600;
				TargetAttributes = {
					2EE5D2ED2CECADE000B73B93 = {
						CreatedOnToolsVersion = 16.0;
					};
					2EE5D2FF2CECADE100B73B93 = {
						CreatedOnToolsVersion = 16.0;
						TestTargetID = 2EE5D2ED2CECADE000B73B93;
					};
					2EE5D3092CECADE100B73B93 = {
						CreatedOnToolsVersion = 16.0;
						TestTargetID = 2EE5D2ED2CECADE000B73B93;
					};
				};
			};
			buildConfigurationList = 2EE5D2E92CECADE000B73B93 /* Build configuration list for PBXProject "GMart" */;
			developmentRegion = en;
			hasScannedForEncodings = 0;
			knownRegions = (
				en,
				Base,
			);
			mainGroup = 2EE5D2E52CECADE000B73B93;
			minimizedProjectReferenceProxies = 1;
			packageReferences = (
				2EE5D3482CECF82600B73B93 /* XCRemoteSwiftPackageReference "firebase-ios-sdk" */,
			);
			preferredProjectObjectVersion = 77;
			productRefGroup = 2EE5D2EF2CECADE000B73B93 /* Products */;
			projectDirPath = "";
			projectRoot = "";
			targets = (
				2EE5D2ED2CECADE000B73B93 /* GMart */,
				2EE5D2FF2CECADE100B73B93 /* GMartTests */,
				2EE5D3092CECADE100B73B93 /* GMartUITests */,
			);
		};
/* End PBXProject section */

/* Begin PBXResourcesBuildPhase section */
		2EE5D2EC2CECADE000B73B93 /* Resources */ = {
			isa = PBXResourcesBuildPhase;
			buildActionMask = 2147483647;
			files = (
				2EE5D3472CECF4C500B73B93 /* GoogleService-Info.plist in Resources */,
			);
			runOnlyForDeploymentPostprocessing = 0;
		};
		2EE5D2FE2CECADE100B73B93 /* Resources */ = {
			isa = PBXResourcesBuildPhase;
			buildActionMask = 2147483647;
			files = (
			);
			runOnlyForDeploymentPostprocessing = 0;
		};
		2EE5D3082CECADE100B73B93 /* Resources */ = {
			isa = PBXResourcesBuildPhase;
			buildActionMask = 2147483647;
			files = (
			);
			runOnlyForDeploymentPostprocessing = 0;
		};
/* End PBXResourcesBuildPhase section */

/* Begin PBXSourcesBuildPhase section */
		2EE5D2EA2CECADE000B73B93 /* Sources */ = {
			isa = PBXSourcesBuildPhase;
			buildActionMask = 2147483647;
			files = (
			);
			runOnlyForDeploymentPostprocessing = 0;
		};
		2EE5D2FC2CECADE100B73B93 /* Sources */ = {
			isa = PBXSourcesBuildPhase;
			buildActionMask = 2147483647;
			files = (
			);
			runOnlyForDeploymentPostprocessing = 0;
		};
		2EE5D3062CECADE100B73B93 /* Sources */ = {
			isa = PBXSourcesBuildPhase;
			buildActionMask = 2147483647;
			files = (
			);
			runOnlyForDeploymentPostprocessing = 0;
		};
/* End PBXSourcesBuildPhase section */

/* Begin PBXTargetDependency section */
		2EE5D3022CECADE100B73B93 /* PBXTargetDependency */ = {
			isa = PBXTargetDependency;
			target = 2EE5D2ED2CECADE000B73B93 /* GMart */;
			targetProxy = 2EE5D3012CECADE100B73B93 /* PBXContainerItemProxy */;
		};
		2EE5D30C2CECADE100B73B93 /* PBXTargetDependency */ = {
			isa = PBXTargetDependency;
			target = 2EE5D2ED2CECADE000B73B93 /* GMart */;
			targetProxy = 2EE5D30B2CECADE100B73B93 /* PBXContainerItemProxy */;
		};
/* End PBXTargetDependency section */

/* Begin XCBuildConfiguration section */
		2EE5D3122CECADE100B73B93 /* Debug */ = {
			isa = XCBuildConfiguration;
			buildSettings = {
				ALWAYS_SEARCH_USER_PATHS = NO;
				ASSETCATALOG_COMPILER_GENERATE_SWIFT_ASSET_SYMBOL_EXTENSIONS = YES;
				CLANG_ANALYZER_NONNULL = YES;
				CLANG_ANALYZER_NUMBER_OBJECT_CONVERSION = YES_AGGRESSIVE;
				CLANG_CXX_LANGUAGE_STANDARD = "gnu++20";
				CLANG_ENABLE_MODULES = YES;
				CLANG_ENABLE_OBJC_ARC = YES;
				CLANG_ENABLE_OBJC_WEAK = YES;
				CLANG_WARN_BLOCK_CAPTURE_AUTORELEASING = YES;
				CLANG_WARN_BOOL_CONVERSION = YES;
				CLANG_WARN_COMMA = YES;
				CLANG_WARN_CONSTANT_CONVERSION = YES;
				CLANG_WARN_DEPRECATED_OBJC_IMPLEMENTATIONS = YES;
				CLANG_WARN_DIRECT_OBJC_ISA_USAGE = YES_ERROR;
				CLANG_WARN_DOCUMENTATION_COMMENTS = YES;
				CLANG_WARN_EMPTY_BODY = YES;
				CLANG_WARN_ENUM_CONVERSION = YES;
				CLANG_WARN_INFINITE_RECURSION = YES;
				CLANG_WARN_INT_CONVERSION = YES;
				CLANG_WARN_NON_LITERAL_NULL_CONVERSION = YES;
				CLANG_WARN_OBJC_IMPLICIT_RETAIN_SELF = YES;
				CLANG_WARN_OBJC_LITERAL_CONVERSION = YES;
				CLANG_WARN_OBJC_ROOT_CLASS = YES_ERROR;
				CLANG_WARN_QUOTED_INCLUDE_IN_FRAMEWORK_HEADER = YES;
				CLANG_WARN_RANGE_LOOP_ANALYSIS = YES;
				CLANG_WARN_STRICT_PROTOTYPES = YES;
				CLANG_WARN_SUSPICIOUS_MOVE = YES;
				CLANG_WARN_UNGUARDED_AVAILABILITY = YES_AGGRESSIVE;
				CLANG_WARN_UNREACHABLE_CODE = YES;
				CLANG_WARN__DUPLICATE_METHOD_MATCH = YES;
				COPY_PHASE_STRIP = NO;
				DEBUG_INFORMATION_FORMAT = dwarf;
				ENABLE_STRICT_OBJC_MSGSEND = YES;
				ENABLE_TESTABILITY = YES;
				ENABLE_USER_SCRIPT_SANDBOXING = YES;
				GCC_C_LANGUAGE_STANDARD = gnu17;
				GCC_DYNAMIC_NO_PIC = NO;
				GCC_NO_COMMON_BLOCKS = YES;
				GCC_OPTIMIZATION_LEVEL = 0;
				GCC_PREPROCESSOR_DEFINITIONS = (
					"DEBUG=1",
					"$(inherited)",
				);
				GCC_WARN_64_TO_32_BIT_CONVERSION = YES;
				GCC_WARN_ABOUT_RETURN_TYPE = YES_ERROR;
				GCC_WARN_UNDECLARED_SELECTOR = YES;
				GCC_WARN_UNINITIALIZED_AUTOS = YES_AGGRESSIVE;
				GCC_WARN_UNUSED_FUNCTION = YES;
				GCC_WARN_UNUSED_VARIABLE = YES;
				IPHONEOS_DEPLOYMENT_TARGET = 18.0;
				LOCALIZATION_PREFERS_STRING_CATALOGS = YES;
				MTL_ENABLE_DEBUG_INFO = INCLUDE_SOURCE;
				MTL_FAST_MATH = YES;
				ONLY_ACTIVE_ARCH = YES;
				SDKROOT = iphoneos;
				SWIFT_ACTIVE_COMPILATION_CONDITIONS = "DEBUG $(inherited)";
				SWIFT_OPTIMIZATION_LEVEL = "-Onone";
			};
			name = Debug;
		};
		2EE5D3132CECADE100B73B93 /* Release */ = {
			isa = XCBuildConfiguration;
			buildSettings = {
				ALWAYS_SEARCH_USER_PATHS = NO;
				ASSETCATALOG_COMPILER_GENERATE_SWIFT_ASSET_SYMBOL_EXTENSIONS = YES;
				CLANG_ANALYZER_NONNULL = YES;
				CLANG_ANALYZER_NUMBER_OBJECT_CONVERSION = YES_AGGRESSIVE;
				CLANG_CXX_LANGUAGE_STANDARD = "gnu++20";
				CLANG_ENABLE_MODULES = YES;
				CLANG_ENABLE_OBJC_ARC = YES;
				CLANG_ENABLE_OBJC_WEAK = YES;
				CLANG_WARN_BLOCK_CAPTURE_AUTORELEASING = YES;
				CLANG_WARN_BOOL_CONVERSION = YES;
				CLANG_WARN_COMMA = YES;
				CLANG_WARN_CONSTANT_CONVERSION = YES;
				CLANG_WARN_DEPRECATED_OBJC_IMPLEMENTATIONS = YES;
				CLANG_WARN_DIRECT_OBJC_ISA_USAGE = YES_ERROR;
				CLANG_WARN_DOCUMENTATION_COMMENTS = YES;
				CLANG_WARN_EMPTY_BODY = YES;
				CLANG_WARN_ENUM_CONVERSION = YES;
				CLANG_WARN_INFINITE_RECURSION = YES;
				CLANG_WARN_INT_CONVERSION = YES;
				CLANG_WARN_NON_LITERAL_NULL_CONVERSION = YES;
				CLANG_WARN_OBJC_IMPLICIT_RETAIN_SELF = YES;
				CLANG_WARN_OBJC_LITERAL_CONVERSION = YES;
				CLANG_WARN_OBJC_ROOT_CLASS = YES_ERROR;
				CLANG_WARN_QUOTED_INCLUDE_IN_FRAMEWORK_HEADER = YES;
				CLANG_WARN_RANGE_LOOP_ANALYSIS = YES;
				CLANG_WARN_STRICT_PROTOTYPES = YES;
				CLANG_WARN_SUSPICIOUS_MOVE = YES;
				CLANG_WARN_UNGUARDED_AVAILABILITY = YES_AGGRESSIVE;
				CLANG_WARN_UNREACHABLE_CODE = YES;
				CLANG_WARN__DUPLICATE_METHOD_MATCH = YES;
				COPY_PHASE_STRIP = NO;
				DEBUG_INFORMATION_FORMAT = "dwarf-with-dsym";
				ENABLE_NS_ASSERTIONS = NO;
				ENABLE_STRICT_OBJC_MSGSEND = YES;
				ENABLE_USER_SCRIPT_SANDBOXING = YES;
				GCC_C_LANGUAGE_STANDARD = gnu17;
				GCC_NO_COMMON_BLOCKS = YES;
				GCC_WARN_64_TO_32_BIT_CONVERSION = YES;
				GCC_WARN_ABOUT_RETURN_TYPE = YES_ERROR;
				GCC_WARN_UNDECLARED_SELECTOR = YES;
				GCC_WARN_UNINITIALIZED_AUTOS = YES_AGGRESSIVE;
				GCC_WARN_UNUSED_FUNCTION = YES;
				GCC_WARN_UNUSED_VARIABLE = YES;
				IPHONEOS_DEPLOYMENT_TARGET = 18.0;
				LOCALIZATION_PREFERS_STRING_CATALOGS = YES;
				MTL_ENABLE_DEBUG_INFO = NO;
				MTL_FAST_MATH = YES;
				SDKROOT = iphoneos;
				SWIFT_COMPILATION_MODE = wholemodule;
				VALIDATE_PRODUCT = YES;
			};
			name = Release;
		};
		2EE5D3152CECADE100B73B93 /* Debug */ = {
			isa = XCBuildConfiguration;
			buildSettings = {
				ASSETCATALOG_COMPILER_APPICON_NAME = AppIcon;
				ASSETCATALOG_COMPILER_GLOBAL_ACCENT_COLOR_NAME = AccentColor;
				CODE_SIGN_STYLE = Automatic;
				CURRENT_PROJECT_VERSION = 1;
				DEVELOPMENT_ASSET_PATHS = "\"GMart/Preview Content\"";
				ENABLE_PREVIEWS = YES;
				GENERATE_INFOPLIST_FILE = YES;
				INFOPLIST_KEY_UIApplicationSceneManifest_Generation = YES;
				INFOPLIST_KEY_UIApplicationSupportsIndirectInputEvents = YES;
				INFOPLIST_KEY_UILaunchScreen_Generation = YES;
				INFOPLIST_KEY_UISupportedInterfaceOrientations_iPad = "UIInterfaceOrientationPortrait UIInterfaceOrientationPortraitUpsideDown UIInterfaceOrientationLandscapeLeft UIInterfaceOrientationLandscapeRight";
				INFOPLIST_KEY_UISupportedInterfaceOrientations_iPhone = "UIInterfaceOrientationPortrait UIInterfaceOrientationLandscapeLeft UIInterfaceOrientationLandscapeRight";
				LD_RUNPATH_SEARCH_PATHS = (
					"$(inherited)",
					"@executable_path/Frameworks",
				);
				MARKETING_VERSION = 1.0;
				PRODUCT_BUNDLE_IDENTIFIER = com.adiarjun.GMart;
				PRODUCT_NAME = "$(TARGET_NAME)";
				SWIFT_EMIT_LOC_STRINGS = YES;
				SWIFT_VERSION = 5.0;
				TARGETED_DEVICE_FAMILY = "1,2";
			};
			name = Debug;
		};
		2EE5D3162CECADE100B73B93 /* Release */ = {
			isa = XCBuildConfiguration;
			buildSettings = {
				ASSETCATALOG_COMPILER_APPICON_NAME = AppIcon;
				ASSETCATALOG_COMPILER_GLOBAL_ACCENT_COLOR_NAME = AccentColor;
				CODE_SIGN_STYLE = Automatic;
				CURRENT_PROJECT_VERSION = 1;
				DEVELOPMENT_ASSET_PATHS = "\"GMart/Preview Content\"";
				ENABLE_PREVIEWS = YES;
				GENERATE_INFOPLIST_FILE = YES;
				INFOPLIST_KEY_UIApplicationSceneManifest_Generation = YES;
				INFOPLIST_KEY_UIApplicationSupportsIndirectInputEvents = YES;
				INFOPLIST_KEY_UILaunchScreen_Generation = YES;
				INFOPLIST_KEY_UISupportedInterfaceOrientations_iPad = "UIInterfaceOrientationPortrait UIInterfaceOrientationPortraitUpsideDown UIInterfaceOrientationLandscapeLeft UIInterfaceOrientationLandscapeRight";
				INFOPLIST_KEY_UISupportedInterfaceOrientations_iPhone = "UIInterfaceOrientationPortrait UIInterfaceOrientationLandscapeLeft UIInterfaceOrientationLandscapeRight";
				LD_RUNPATH_SEARCH_PATHS = (
					"$(inherited)",
					"@executable_path/Frameworks",
				);
				MARKETING_VERSION = 1.0;
				PRODUCT_BUNDLE_IDENTIFIER = com.adiarjun.GMart;
				PRODUCT_NAME = "$(TARGET_NAME)";
				SWIFT_EMIT_LOC_STRINGS = YES;
				SWIFT_VERSION = 5.0;
				TARGETED_DEVICE_FAMILY = "1,2";
			};
			name = Release;
		};
		2EE5D3182CECADE100B73B93 /* Debug */ = {
			isa = XCBuildConfiguration;
			buildSettings = {
				BUNDLE_LOADER = "$(TEST_HOST)";
				CODE_SIGN_STYLE = Automatic;
				CURRENT_PROJECT_VERSION = 1;
				GENERATE_INFOPLIST_FILE = YES;
				IPHONEOS_DEPLOYMENT_TARGET = 18.0;
				MARKETING_VERSION = 1.0;
				PRODUCT_BUNDLE_IDENTIFIER = com.adiarjun.GMartTests;
				PRODUCT_NAME = "$(TARGET_NAME)";
				SWIFT_EMIT_LOC_STRINGS = NO;
				SWIFT_VERSION = 5.0;
				TARGETED_DEVICE_FAMILY = "1,2";
				TEST_HOST = "$(BUILT_PRODUCTS_DIR)/GMart.app/$(BUNDLE_EXECUTABLE_FOLDER_PATH)/GMart";
			};
			name = Debug;
		};
		2EE5D3192CECADE100B73B93 /* Release */ = {
			isa = XCBuildConfiguration;
			buildSettings = {
				BUNDLE_LOADER = "$(TEST_HOST)";
				CODE_SIGN_STYLE = Automatic;
				CURRENT_PROJECT_VERSION = 1;
				GENERATE_INFOPLIST_FILE = YES;
				IPHONEOS_DEPLOYMENT_TARGET = 18.0;
				MARKETING_VERSION = 1.0;
				PRODUCT_BUNDLE_IDENTIFIER = com.adiarjun.GMartTests;
				PRODUCT_NAME = "$(TARGET_NAME)";
				SWIFT_EMIT_LOC_STRINGS = NO;
				SWIFT_VERSION = 5.0;
				TARGETED_DEVICE_FAMILY = "1,2";
				TEST_HOST = "$(BUILT_PRODUCTS_DIR)/GMart.app/$(BUNDLE_EXECUTABLE_FOLDER_PATH)/GMart";
			};
			name = Release;
		};
		2EE5D31B2CECADE100B73B93 /* Debug */ = {
			isa = XCBuildConfiguration;
			buildSettings = {
				CODE_SIGN_STYLE = Automatic;
				CURRENT_PROJECT_VERSION = 1;
				GENERATE_INFOPLIST_FILE = YES;
				MARKETING_VERSION = 1.0;
				PRODUCT_BUNDLE_IDENTIFIER = com.adiarjun.GMartUITests;
				PRODUCT_NAME = "$(TARGET_NAME)";
				SWIFT_EMIT_LOC_STRINGS = NO;
				SWIFT_VERSION = 5.0;
				TARGETED_DEVICE_FAMILY = "1,2";
				TEST_TARGET_NAME = GMart;
			};
			name = Debug;
		};
		2EE5D31C2CECADE100B73B93 /* Release */ = {
			isa = XCBuildConfiguration;
			buildSettings = {
				CODE_SIGN_STYLE = Automatic;
				CURRENT_PROJECT_VERSION = 1;
				GENERATE_INFOPLIST_FILE = YES;
				MARKETING_VERSION = 1.0;
				PRODUCT_BUNDLE_IDENTIFIER = com.adiarjun.GMartUITests;
				PRODUCT_NAME = "$(TARGET_NAME)";
				SWIFT_EMIT_LOC_STRINGS = NO;
				SWIFT_VERSION = 5.0;
				TARGETED_DEVICE_FAMILY = "1,2";
				TEST_TARGET_NAME = GMart;
			};
			name = Release;
		};
/* End XCBuildConfiguration section */

/* Begin XCConfigurationList section */
		2EE5D2E92CECADE000B73B93 /* Build configuration list for PBXProject "GMart" */ = {
			isa = XCConfigurationList;
			buildConfigurations = (
				2EE5D3122CECADE100B73B93 /* Debug */,
				2EE5D3132CECADE100B73B93 /* Release */,
			);
			defaultConfigurationIsVisible = 0;
			defaultConfigurationName = Release;
		};
		2EE5D3142CECADE100B73B93 /* Build configuration list for PBXNativeTarget "GMart" */ = {
			isa = XCConfigurationList;
			buildConfigurations = (
				2EE5D3152CECADE100B73B93 /* Debug */,
				2EE5D3162CECADE100B73B93 /* Release */,
			);
			defaultConfigurationIsVisible = 0;
			defaultConfigurationName = Release;
		};
		2EE5D3172CECADE100B73B93 /* Build configuration list for PBXNativeTarget "GMartTests" */ = {
			isa = XCConfigurationList;
			buildConfigurations = (
				2EE5D3182CECADE100B73B93 /* Debug */,
				2EE5D3192CECADE100B73B93 /* Release */,
			);
			defaultConfigurationIsVisible = 0;
			defaultConfigurationName = Release;
		};
		2EE5D31A2CECADE100B73B93 /* Build configuration list for PBXNativeTarget "GMartUITests" */ = {
			isa = XCConfigurationList;
			buildConfigurations = (
				2EE5D31B2CECADE100B73B93 /* Debug */,
				2EE5D31C2CECADE100B73B93 /* Release */,
			);
			defaultConfigurationIsVisible = 0;
			defaultConfigurationName = Release;
		};
/* End XCConfigurationList section */

/* Begin XCRemoteSwiftPackageReference section */
		2EE5D3482CECF82600B73B93 /* XCRemoteSwiftPackageReference "firebase-ios-sdk" */ = {
			isa = XCRemoteSwiftPackageReference;
			repositoryURL = "https://github.com/firebase/firebase-ios-sdk";
			requirement = {
				kind = upToNextMajorVersion;
				minimumVersion = 11.5.0;
			};
		};
/* End XCRemoteSwiftPackageReference section */

/* Begin XCSwiftPackageProductDependency section */
		2EE5D3492CECF82600B73B93 /* FirebaseAuth */ = {
			isa = XCSwiftPackageProductDependency;
			package = 2EE5D3482CECF82600B73B93 /* XCRemoteSwiftPackageReference "firebase-ios-sdk" */;
			productName = FirebaseAuth;
		};
		2EE5D34B2CECF82600B73B93 /* FirebaseFirestore */ = {
			isa = XCSwiftPackageProductDependency;
			package = 2EE5D3482CECF82600B73B93 /* XCRemoteSwiftPackageReference "firebase-ios-sdk" */;
			productName = FirebaseFirestore;
		};
		2EE5D34D2CECF82600B73B93 /* FirebaseFirestoreCombine-Community */ = {
			isa = XCSwiftPackageProductDependency;
			package = 2EE5D3482CECF82600B73B93 /* XCRemoteSwiftPackageReference "firebase-ios-sdk" */;
			productName = "FirebaseFirestoreCombine-Community";
		};
		2EE5D34F2CECF82600B73B93 /* FirebaseStorage */ = {
			isa = XCSwiftPackageProductDependency;
			package = 2EE5D3482CECF82600B73B93 /* XCRemoteSwiftPackageReference "firebase-ios-sdk" */;
			productName = FirebaseStorage;
		};
/* End XCSwiftPackageProductDependency section */
	};
	rootObject = 2EE5D2E62CECADE000B73B93 /* Project object */;
}
